// !$*UTF8*$!
{
	archiveVersion = 1;
	classes = {
	};
	objectVersion = 46;
	objects = {

/* Begin PBXBuildFile section */
		71E896FB19C1A2430061881C /* AppDelegate.swift in Sources */ = {isa = PBXBuildFile; fileRef = 71E896FA19C1A2430061881C /* AppDelegate.swift */; };
		71E896FD19C1A2430061881C /* ViewController.swift in Sources */ = {isa = PBXBuildFile; fileRef = 71E896FC19C1A2430061881C /* ViewController.swift */; };
		71E8970019C1A2430061881C /* Main.storyboard in Resources */ = {isa = PBXBuildFile; fileRef = 71E896FE19C1A2430061881C /* Main.storyboard */; };
		71E8970219C1A2430061881C /* Images.xcassets in Resources */ = {isa = PBXBuildFile; fileRef = 71E8970119C1A2430061881C /* Images.xcassets */; };
		71E8970519C1A2430061881C /* LaunchScreen.xib in Resources */ = {isa = PBXBuildFile; fileRef = 71E8970319C1A2430061881C /* LaunchScreen.xib */; };
		71E8971119C1A2440061881C /* ShoeConverterTests.swift in Sources */ = {isa = PBXBuildFile; fileRef = 71E8971019C1A2440061881C /* ShoeConverterTests.swift */; };
/* End PBXBuildFile section */

/* Begin PBXContainerItemProxy section */
		71E8970B19C1A2440061881C /* PBXContainerItemProxy */ = {
			isa = PBXContainerItemProxy;
			containerPortal = 71E896ED19C1A2430061881C /* Project object */;
			proxyType = 1;
			remoteGlobalIDString = 71E896F419C1A2430061881C;
			remoteInfo = ShoeConverter;
		};
/* End PBXContainerItemProxy section */

/* Begin PBXFileReference section */
		71E896F519C1A2430061881C /* ShoeConverter.app */ = {isa = PBXFileReference; explicitFileType = wrapper.application; includeInIndex = 0; path = ShoeConverter.app; sourceTree = BUILT_PRODUCTS_DIR; };
		71E896F919C1A2430061881C /* Info.plist */ = {isa = PBXFileReference; lastKnownFileType = text.plist.xml; path = Info.plist; sourceTree = "<group>"; };
		71E896FA19C1A2430061881C /* AppDelegate.swift */ = {isa = PBXFileReference; lastKnownFileType = sourcecode.swift; path = AppDelegate.swift; sourceTree = "<group>"; };
		71E896FC19C1A2430061881C /* ViewController.swift */ = {isa = PBXFileReference; lastKnownFileType = sourcecode.swift; path = ViewController.swift; sourceTree = "<group>"; };
		71E896FF19C1A2430061881C /* Base */ = {isa = PBXFileReference; lastKnownFileType = file.storyboard; name = Base; path = Base.lproj/Main.storyboard; sourceTree = "<group>"; };
		71E8970119C1A2430061881C /* Images.xcassets */ = {isa = PBXFileReference; lastKnownFileType = folder.assetcatalog; path = Images.xcassets; sourceTree = "<group>"; };
		71E8970419C1A2430061881C /* Base */ = {isa = PBXFileReference; lastKnownFileType = file.xib; name = Base; path = Base.lproj/LaunchScreen.xib; sourceTree = "<group>"; };
		71E8970A19C1A2440061881C /* ShoeConverterTests.xctest */ = {isa = PBXFileReference; explicitFileType = wrapper.cfbundle; includeInIndex = 0; path = ShoeConverterTests.xctest; sourceTree = BUILT_PRODUCTS_DIR; };
		71E8970F19C1A2440061881C /* Info.plist */ = {isa = PBXFileReference; lastKnownFileType = text.plist.xml; path = Info.plist; sourceTree = "<group>"; };
		71E8971019C1A2440061881C /* ShoeConverterTests.swift */ = {isa = PBXFileReference; lastKnownFileType = sourcecode.swift; path = ShoeConverterTests.swift; sourceTree = "<group>"; };
/* End PBXFileReference section */

/* Begin PBXFrameworksBuildPhase section */
		71E896F219C1A2430061881C /* Frameworks */ = {
			isa = PBXFrameworksBuildPhase;
			buildActionMask = 2147483647;
			files = (
			);
			runOnlyForDeploymentPostprocessing = 0;
		};
		71E8970719C1A2440061881C /* Frameworks */ = {
			isa = PBXFrameworksBuildPhase;
			buildActionMask = 2147483647;
			files = (
			);
			runOnlyForDeploymentPostprocessing = 0;
		};
/* End PBXFrameworksBuildPhase section */

/* Begin PBXGroup section */
		71E896EC19C1A2430061881C = {
			isa = PBXGroup;
			children = (
				71E896F719C1A2430061881C /* ShoeConverter */,
				71E8970D19C1A2440061881C /* ShoeConverterTests */,
				71E896F619C1A2430061881C /* Products */,
			);
			sourceTree = "<group>";
		};
		71E896F619C1A2430061881C /* Products */ = {
			isa = PBXGroup;
			children = (
				71E896F519C1A2430061881C /* ShoeConverter.app */,
				71E8970A19C1A2440061881C /* ShoeConverterTests.xctest */,
			);
			name = Products;
			sourceTree = "<group>";
		};
		71E896F719C1A2430061881C /* ShoeConverter */ = {
			isa = PBXGroup;
			children = (
				71E896FA19C1A2430061881C /* AppDelegate.swift */,
				71E896FC19C1A2430061881C /* ViewController.swift */,
				71E896FE19C1A2430061881C /* Main.storyboard */,
				71E8970119C1A2430061881C /* Images.xcassets */,
				71E8970319C1A2430061881C /* LaunchScreen.xib */,
				71E896F819C1A2430061881C /* Supporting Files */,
			);
			path = ShoeConverter;
			sourceTree = "<group>";
		};
		71E896F819C1A2430061881C /* Supporting Files */ = {
			isa = PBXGroup;
			children = (
				71E896F919C1A2430061881C /* Info.plist */,
			);
			name = "Supporting Files";
			sourceTree = "<group>";
		};
		71E8970D19C1A2440061881C /* ShoeConverterTests */ = {
			isa = PBXGroup;
			children = (
				71E8971019C1A2440061881C /* ShoeConverterTests.swift */,
				71E8970E19C1A2440061881C /* Supporting Files */,
			);
			path = ShoeConverterTests;
			sourceTree = "<group>";
		};
		71E8970E19C1A2440061881C /* Supporting Files */ = {
			isa = PBXGroup;
			children = (
				71E8970F19C1A2440061881C /* Info.plist */,
			);
			name = "Supporting Files";
			sourceTree = "<group>";
		};
/* End PBXGroup section */

/* Begin PBXNativeTarget section */
		71E896F419C1A2430061881C /* ShoeConverter */ = {
			isa = PBXNativeTarget;
			buildConfigurationList = 71E8971419C1A2440061881C /* Build configuration list for PBXNativeTarget "ShoeConverter" */;
			buildPhases = (
				71E896F119C1A2430061881C /* Sources */,
				71E896F219C1A2430061881C /* Frameworks */,
				71E896F319C1A2430061881C /* Resources */,
			);
			buildRules = (
			);
			dependencies = (
			);
			name = ShoeConverter;
			productName = ShoeConverter;
			productReference = 71E896F519C1A2430061881C /* ShoeConverter.app */;
			productType = "com.apple.product-type.application";
		};
		71E8970919C1A2440061881C /* ShoeConverterTests */ = {
			isa = PBXNativeTarget;
			buildConfigurationList = 71E8971719C1A2440061881C /* Build configuration list for PBXNativeTarget "ShoeConverterTests" */;
			buildPhases = (
				71E8970619C1A2440061881C /* Sources */,
				71E8970719C1A2440061881C /* Frameworks */,
				71E8970819C1A2440061881C /* Resources */,
			);
			buildRules = (
			);
			dependencies = (
				71E8970C19C1A2440061881C /* PBXTargetDependency */,
			);
			name = ShoeConverterTests;
			productName = ShoeConverterTests;
			productReference = 71E8970A19C1A2440061881C /* ShoeConverterTests.xctest */;
			productType = "com.apple.product-type.bundle.unit-test";
		};
/* End PBXNativeTarget section */

/* Begin PBXProject section */
		71E896ED19C1A2430061881C /* Project object */ = {
			isa = PBXProject;
			attributes = {
				LastUpgradeCheck = 0600;
				ORGANIZATIONNAME = "d-Mobilelab";
				TargetAttributes = {
					71E896F419C1A2430061881C = {
						CreatedOnToolsVersion = 6.0;
						DevelopmentTeam = 6SZ3X6644N;
					};
					71E8970919C1A2440061881C = {
						CreatedOnToolsVersion = 6.0;
						TestTargetID = 71E896F419C1A2430061881C;
					};
				};
			};
			buildConfigurationList = 71E896F019C1A2430061881C /* Build configuration list for PBXProject "ShoeConverter" */;
			compatibilityVersion = "Xcode 3.2";
			developmentRegion = English;
			hasScannedForEncodings = 0;
			knownRegions = (
				en,
				Base,
			);
			mainGroup = 71E896EC19C1A2430061881C;
			productRefGroup = 71E896F619C1A2430061881C /* Products */;
			projectDirPath = "";
			projectRoot = "";
			targets = (
				71E896F419C1A2430061881C /* ShoeConverter */,
				71E8970919C1A2440061881C /* ShoeConverterTests */,
			);
		};
/* End PBXProject section */

/* Begin PBXResourcesBuildPhase section */
		71E896F319C1A2430061881C /* Resources */ = {
			isa = PBXResourcesBuildPhase;
			buildActionMask = 2147483647;
			files = (
				71E8970019C1A2430061881C /* Main.storyboard in Resources */,
				71E8970519C1A2430061881C /* LaunchScreen.xib in Resources */,
				71E8970219C1A2430061881C /* Images.xcassets in Resources */,
			);
			runOnlyForDeploymentPostprocessing = 0;
		};
		71E8970819C1A2440061881C /* Resources */ = {
			isa = PBXResourcesBuildPhase;
			buildActionMask = 2147483647;
			files = (
			);
			runOnlyForDeploymentPostprocessing = 0;
		};
/* End PBXResourcesBuildPhase section */

/* Begin PBXSourcesBuildPhase section */
		71E896F119C1A2430061881C /* Sources */ = {
			isa = PBXSourcesBuildPhase;
			buildActionMask = 2147483647;
			files = (
				71E896FD19C1A2430061881C /* ViewController.swift in Sources */,
				71E896FB19C1A2430061881C /* AppDelegate.swift in Sources */,
			);
			runOnlyForDeploymentPostprocessing = 0;
		};
		71E8970619C1A2440061881C /* Sources */ = {
			isa = PBXSourcesBuildPhase;
			buildActionMask = 2147483647;
			files = (
				71E8971119C1A2440061881C /* ShoeConverterTests.swift in Sources */,
			);
			runOnlyForDeploymentPostprocessing = 0;
		};
/* End PBXSourcesBuildPhase section */

/* Begin PBXTargetDependency section */
		71E8970C19C1A2440061881C /* PBXTargetDependency */ = {
			isa = PBXTargetDependency;
			target = 71E896F419C1A2430061881C /* ShoeConverter */;
			targetProxy = 71E8970B19C1A2440061881C /* PBXContainerItemProxy */;
		};
/* End PBXTargetDependency section */

/* Begin PBXVariantGroup section */
		71E896FE19C1A2430061881C /* Main.storyboard */ = {
			isa = PBXVariantGroup;
			children = (
				71E896FF19C1A2430061881C /* Base */,
			);
			name = Main.storyboard;
			sourceTree = "<group>";
		};
		71E8970319C1A2430061881C /* LaunchScreen.xib */ = {
			isa = PBXVariantGroup;
			children = (
				71E8970419C1A2430061881C /* Base */,
			);
			name = LaunchScreen.xib;
			sourceTree = "<group>";
		};
/* End PBXVariantGroup section */

/* Begin XCBuildConfiguration section */
		71E8971219C1A2440061881C /* Debug */ = {
			isa = XCBuildConfiguration;
			buildSettings = {
				ALWAYS_SEARCH_USER_PATHS = NO;
				CLANG_CXX_LANGUAGE_STANDARD = "gnu++0x";
				CLANG_CXX_LIBRARY = "libc++";
				CLANG_ENABLE_MODULES = YES;
				CLANG_ENABLE_OBJC_ARC = YES;
				CLANG_WARN_BOOL_CONVERSION = YES;
				CLANG_WARN_CONSTANT_CONVERSION = YES;
				CLANG_WARN_DIRECT_OBJC_ISA_USAGE = YES_ERROR;
				CLANG_WARN_EMPTY_BODY = YES;
				CLANG_WARN_ENUM_CONVERSION = YES;
				CLANG_WARN_INT_CONVERSION = YES;
				CLANG_WARN_OBJC_ROOT_CLASS = YES_ERROR;
				CLANG_WARN_UNREACHABLE_CODE = YES;
				CLANG_WARN__DUPLICATE_METHOD_MATCH = YES;
				"CODE_SIGN_IDENTITY[sdk=iphoneos*]" = "iPhone Developer";
				COPY_PHASE_STRIP = NO;
				ENABLE_STRICT_OBJC_MSGSEND = YES;
				GCC_C_LANGUAGE_STANDARD = gnu99;
				GCC_DYNAMIC_NO_PIC = NO;
				GCC_OPTIMIZATION_LEVEL = 0;
				GCC_PREPROCESSOR_DEFINITIONS = (
					"DEBUG=1",
					"$(inherited)",
				);
				GCC_SYMBOLS_PRIVATE_EXTERN = NO;
				GCC_WARN_64_TO_32_BIT_CONVERSION = YES;
				GCC_WARN_ABOUT_RETURN_TYPE = YES_ERROR;
				GCC_WARN_UNDECLARED_SELECTOR = YES;
				GCC_WARN_UNINITIALIZED_AUTOS = YES_AGGRESSIVE;
				GCC_WARN_UNUSED_FUNCTION = YES;
				GCC_WARN_UNUSED_VARIABLE = YES;
				IPHONEOS_DEPLOYMENT_TARGET = 8.0;
				MTL_ENABLE_DEBUG_INFO = YES;
				ONLY_ACTIVE_ARCH = YES;
				SDKROOT = iphoneos;
				SWIFT_OPTIMIZATION_LEVEL = "-Onone";
			};
			name = Debug;
		};
		71E8971319C1A2440061881C /* Release */ = {
			isa = XCBuildConfiguration;
			buildSettings = {
				ALWAYS_SEARCH_USER_PATHS = NO;
				CLANG_CXX_LANGUAGE_STANDARD = "gnu++0x";
				CLANG_CXX_LIBRARY = "libc++";
				CLANG_ENABLE_MODULES = YES;
				CLANG_ENABLE_OBJC_ARC = YES;
				CLANG_WARN_BOOL_CONVERSION = YES;
				CLANG_WARN_CONSTANT_CONVERSION = YES;
				CLANG_WARN_DIRECT_OBJC_ISA_USAGE = YES_ERROR;
				CLANG_WARN_EMPTY_BODY = YES;
				CLANG_WARN_ENUM_CONVERSION = YES;
				CLANG_WARN_INT_CONVERSION = YES;
				CLANG_WARN_OBJC_ROOT_CLASS = YES_ERROR;
				CLANG_WARN_UNREACHABLE_CODE = YES;
				CLANG_WARN__DUPLICATE_METHOD_MATCH = YES;
				"CODE_SIGN_IDENTITY[sdk=iphoneos*]" = "iPhone Developer";
				COPY_PHASE_STRIP = YES;
				ENABLE_NS_ASSERTIONS = NO;
				ENABLE_STRICT_OBJC_MSGSEND = YES;
				GCC_C_LANGUAGE_STANDARD = gnu99;
				GCC_WARN_64_TO_32_BIT_CONVERSION = YES;
				GCC_WARN_ABOUT_RETURN_TYPE = YES_ERROR;
				GCC_WARN_UNDECLARED_SELECTOR = YES;
				GCC_WARN_UNINITIALIZED_AUTOS = YES_AGGRESSIVE;
				GCC_WARN_UNUSED_FUNCTION = YES;
				GCC_WARN_UNUSED_VARIABLE = YES;
				IPHONEOS_DEPLOYMENT_TARGET = 8.0;
				MTL_ENABLE_DEBUG_INFO = NO;
				SDKROOT = iphoneos;
				VALIDATE_PRODUCT = YES;
			};
			name = Release;
		};
		71E8971519C1A2440061881C /* Debug */ = {
			isa = XCBuildConfiguration;
			buildSettings = {
				ASSETCATALOG_COMPILER_APPICON_NAME = AppIcon;
				CODE_SIGN_IDENTITY = "iPhone Developer";
				INFOPLIST_FILE = ShoeConverter/Info.plist;
				LD_RUNPATH_SEARCH_PATHS = "$(inherited) @executable_path/Frameworks";
				PRODUCT_NAME = "$(TARGET_NAME)";
			};
			name = Debug;
		};
		71E8971619C1A2440061881C /* Release */ = {
			isa = XCBuildConfiguration;
			buildSettings = {
				ASSETCATALOG_COMPILER_APPICON_NAME = AppIcon;
				CODE_SIGN_IDENTITY = "iPhone Developer";
				INFOPLIST_FILE = ShoeConverter/Info.plist;
				LD_RUNPATH_SEARCH_PATHS = "$(inherited) @executable_path/Frameworks";
				PRODUCT_NAME = "$(TARGET_NAME)";
			};
			name = Release;
		};
		71E8971819C1A2440061881C /* Debug */ = {
			isa = XCBuildConfiguration;
			buildSettings = {
				BUNDLE_LOADER = "$(TEST_HOST)";
				FRAMEWORK_SEARCH_PATHS = (
					"$(SDKROOT)/Developer/Library/Frameworks",
					"$(inherited)",
				);
				GCC_PREPROCESSOR_DEFINITIONS = (
					"DEBUG=1",
					"$(inherited)",
				);
				INFOPLIST_FILE = ShoeConverterTests/Info.plist;
				LD_RUNPATH_SEARCH_PATHS = "$(inherited) @executable_path/Frameworks @loader_path/Frameworks";
				PRODUCT_NAME = "$(TARGET_NAME)";
				TEST_HOST = "$(BUILT_PRODUCTS_DIR)/ShoeConverter.app/ShoeConverter";
			};
			name = Debug;
		};
		71E8971919C1A2440061881C /* Release */ = {
			isa = XCBuildConfiguration;
			buildSettings = {
				BUNDLE_LOADER = "$(TEST_HOST)";
				FRAMEWORK_SEARCH_PATHS = (
					"$(SDKROOT)/Developer/Library/Frameworks",
					"$(inherited)",
				);
				INFOPLIST_FILE = ShoeConverterTests/Info.plist;
				LD_RUNPATH_SEARCH_PATHS = "$(inherited) @executable_path/Frameworks @loader_path/Frameworks";
				PRODUCT_NAME = "$(TARGET_NAME)";
				TEST_HOST = "$(BUILT_PRODUCTS_DIR)/ShoeConverter.app/ShoeConverter";
			};
			name = Release;
		};
/* End XCBuildConfiguration section */

/* Begin XCConfigurationList section */
		71E896F019C1A2430061881C /* Build configuration list for PBXProject "ShoeConverter" */ = {
			isa = XCConfigurationList;
			buildConfigurations = (
				71E8971219C1A2440061881C /* Debug */,
				71E8971319C1A2440061881C /* Release */,
			);
			defaultConfigurationIsVisible = 0;
			defaultConfigurationName = Release;
		};
		71E8971419C1A2440061881C /* Build configuration list for PBXNativeTarget "ShoeConverter" */ = {
			isa = XCConfigurationList;
			buildConfigurations = (
				71E8971519C1A2440061881C /* Debug */,
				71E8971619C1A2440061881C /* Release */,
			);
			defaultConfigurationIsVisible = 0;
		};
		71E8971719C1A2440061881C /* Build configuration list for PBXNativeTarget "ShoeConverterTests" */ = {
			isa = XCConfigurationList;
			buildConfigurations = (
				71E8971819C1A2440061881C /* Debug */,
				71E8971919C1A2440061881C /* Release */,
			);
			defaultConfigurationIsVisible = 0;
		};
/* End XCConfigurationList section */
	};
	rootObject = 71E896ED19C1A2430061881C /* Project object */;
}
